// !$*UTF8*$!
{
	archiveVersion = 1;
	classes = {
	};
	objectVersion = 46;
	objects = {

/* Begin PBXBuildFile section */
		94A6AB491C35AD5200D4298D /* Images.xcassets in Resources */ = {isa = PBXBuildFile; fileRef = 94A6AB481C35AD5200D4298D /* Images.xcassets */; };
		94F5BAF11BDD2E4200A3A86E /* AppDelegate.swift in Sources */ = {isa = PBXBuildFile; fileRef = 94F5BAF01BDD2E4200A3A86E /* AppDelegate.swift */; };
		94F5BAF31BDD2E4200A3A86E /* ViewController.swift in Sources */ = {isa = PBXBuildFile; fileRef = 94F5BAF21BDD2E4200A3A86E /* ViewController.swift */; };
		94F5BAF61BDD2E4200A3A86E /* Main.storyboard in Resources */ = {isa = PBXBuildFile; fileRef = 94F5BAF41BDD2E4200A3A86E /* Main.storyboard */; };
		94F5BAFB1BDD2E4200A3A86E /* LaunchScreen.storyboard in Resources */ = {isa = PBXBuildFile; fileRef = 94F5BAF91BDD2E4200A3A86E /* LaunchScreen.storyboard */; };
		94F5BB061BDD2E4200A3A86E /* gethairTests.swift in Sources */ = {isa = PBXBuildFile; fileRef = 94F5BB051BDD2E4200A3A86E /* gethairTests.swift */; };
		94F5BB111BDD2E4200A3A86E /* gethairUITests.swift in Sources */ = {isa = PBXBuildFile; fileRef = 94F5BB101BDD2E4200A3A86E /* gethairUITests.swift */; };
/* End PBXBuildFile section */

/* Begin PBXContainerItemProxy section */
		94F5BB021BDD2E4200A3A86E /* PBXContainerItemProxy */ = {
			isa = PBXContainerItemProxy;
			containerPortal = 94F5BAE51BDD2E4200A3A86E /* Project object */;
			proxyType = 1;
			remoteGlobalIDString = 94F5BAEC1BDD2E4200A3A86E;
			remoteInfo = gethair;
		};
		94F5BB0D1BDD2E4200A3A86E /* PBXContainerItemProxy */ = {
			isa = PBXContainerItemProxy;
			containerPortal = 94F5BAE51BDD2E4200A3A86E /* Project object */;
			proxyType = 1;
			remoteGlobalIDString = 94F5BAEC1BDD2E4200A3A86E;
			remoteInfo = gethair;
		};
/* End PBXContainerItemProxy section */

/* Begin PBXFileReference section */
		94A6AB481C35AD5200D4298D /* Images.xcassets */ = {isa = PBXFileReference; lastKnownFileType = folder.assetcatalog; path = Images.xcassets; sourceTree = "<group>"; };
		94F5BAED1BDD2E4200A3A86E /* Get Hair.app */ = {isa = PBXFileReference; explicitFileType = wrapper.application; includeInIndex = 0; path = "Get Hair.app"; sourceTree = BUILT_PRODUCTS_DIR; };
		94F5BAF01BDD2E4200A3A86E /* AppDelegate.swift */ = {isa = PBXFileReference; lastKnownFileType = sourcecode.swift; path = AppDelegate.swift; sourceTree = "<group>"; };
		94F5BAF21BDD2E4200A3A86E /* ViewController.swift */ = {isa = PBXFileReference; lastKnownFileType = sourcecode.swift; path = ViewController.swift; sourceTree = "<group>"; };
		94F5BAF51BDD2E4200A3A86E /* Base */ = {isa = PBXFileReference; lastKnownFileType = file.storyboard; name = Base; path = Base.lproj/Main.storyboard; sourceTree = "<group>"; };
		94F5BAFA1BDD2E4200A3A86E /* Base */ = {isa = PBXFileReference; lastKnownFileType = file.storyboard; name = Base; path = Base.lproj/LaunchScreen.storyboard; sourceTree = "<group>"; };
		94F5BAFC1BDD2E4200A3A86E /* Info.plist */ = {isa = PBXFileReference; lastKnownFileType = text.plist.xml; path = Info.plist; sourceTree = "<group>"; };
		94F5BB011BDD2E4200A3A86E /* gethairTests.xctest */ = {isa = PBXFileReference; explicitFileType = wrapper.cfbundle; includeInIndex = 0; path = gethairTests.xctest; sourceTree = BUILT_PRODUCTS_DIR; };
		94F5BB051BDD2E4200A3A86E /* gethairTests.swift */ = {isa = PBXFileReference; lastKnownFileType = sourcecode.swift; path = gethairTests.swift; sourceTree = "<group>"; };
		94F5BB071BDD2E4200A3A86E /* Info.plist */ = {isa = PBXFileReference; lastKnownFileType = text.plist.xml; path = Info.plist; sourceTree = "<group>"; };
		94F5BB0C1BDD2E4200A3A86E /* gethairUITests.xctest */ = {isa = PBXFileReference; explicitFileType = wrapper.cfbundle; includeInIndex = 0; path = gethairUITests.xctest; sourceTree = BUILT_PRODUCTS_DIR; };
		94F5BB101BDD2E4200A3A86E /* gethairUITests.swift */ = {isa = PBXFileReference; lastKnownFileType = sourcecode.swift; path = gethairUITests.swift; sourceTree = "<group>"; };
		94F5BB121BDD2E4200A3A86E /* Info.plist */ = {isa = PBXFileReference; lastKnownFileType = text.plist.xml; path = Info.plist; sourceTree = "<group>"; };
/* End PBXFileReference section */

/* Begin PBXFrameworksBuildPhase section */
		94F5BAEA1BDD2E4200A3A86E /* Frameworks */ = {
			isa = PBXFrameworksBuildPhase;
			buildActionMask = 2147483647;
			files = (
			);
			runOnlyForDeploymentPostprocessing = 0;
		};
		94F5BAFE1BDD2E4200A3A86E /* Frameworks */ = {
			isa = PBXFrameworksBuildPhase;
			buildActionMask = 2147483647;
			files = (
			);
			runOnlyForDeploymentPostprocessing = 0;
		};
		94F5BB091BDD2E4200A3A86E /* Frameworks */ = {
			isa = PBXFrameworksBuildPhase;
			buildActionMask = 2147483647;
			files = (
			);
			runOnlyForDeploymentPostprocessing = 0;
		};
/* End PBXFrameworksBuildPhase section */

/* Begin PBXGroup section */
		94F5BAE41BDD2E4200A3A86E = {
			isa = PBXGroup;
			children = (
				94F5BAEF1BDD2E4200A3A86E /* gethair */,
				94F5BB041BDD2E4200A3A86E /* gethairTests */,
				94F5BB0F1BDD2E4200A3A86E /* gethairUITests */,
				94F5BAEE1BDD2E4200A3A86E /* Products */,
			);
			sourceTree = "<group>";
		};
		94F5BAEE1BDD2E4200A3A86E /* Products */ = {
			isa = PBXGroup;
			children = (
				94F5BAED1BDD2E4200A3A86E /* Get Hair.app */,
				94F5BB011BDD2E4200A3A86E /* gethairTests.xctest */,
				94F5BB0C1BDD2E4200A3A86E /* gethairUITests.xctest */,
			);
			name = Products;
			sourceTree = "<group>";
		};
		94F5BAEF1BDD2E4200A3A86E /* gethair */ = {
			isa = PBXGroup;
			children = (
				94F5BAF01BDD2E4200A3A86E /* AppDelegate.swift */,
				94F5BAF21BDD2E4200A3A86E /* ViewController.swift */,
				94F5BAF41BDD2E4200A3A86E /* Main.storyboard */,
				94F5BAF91BDD2E4200A3A86E /* LaunchScreen.storyboard */,
				94F5BAFC1BDD2E4200A3A86E /* Info.plist */,
				94A6AB481C35AD5200D4298D /* Images.xcassets */,
			);
			path = gethair;
			sourceTree = "<group>";
		};
		94F5BB041BDD2E4200A3A86E /* gethairTests */ = {
			isa = PBXGroup;
			children = (
				94F5BB051BDD2E4200A3A86E /* gethairTests.swift */,
				94F5BB071BDD2E4200A3A86E /* Info.plist */,
			);
			path = gethairTests;
			sourceTree = "<group>";
		};
		94F5BB0F1BDD2E4200A3A86E /* gethairUITests */ = {
			isa = PBXGroup;
			children = (
				94F5BB101BDD2E4200A3A86E /* gethairUITests.swift */,
				94F5BB121BDD2E4200A3A86E /* Info.plist */,
			);
			path = gethairUITests;
			sourceTree = "<group>";
		};
/* End PBXGroup section */

/* Begin PBXNativeTarget section */
		94F5BAEC1BDD2E4200A3A86E /* Get Hair */ = {
			isa = PBXNativeTarget;
			buildConfigurationList = 94F5BB151BDD2E4200A3A86E /* Build configuration list for PBXNativeTarget "Get Hair" */;
			buildPhases = (
				94F5BAE91BDD2E4200A3A86E /* Sources */,
				94F5BAEA1BDD2E4200A3A86E /* Frameworks */,
				94F5BAEB1BDD2E4200A3A86E /* Resources */,
			);
			buildRules = (
			);
			dependencies = (
			);
			name = "Get Hair";
			productName = gethair;
			productReference = 94F5BAED1BDD2E4200A3A86E /* Get Hair.app */;
			productType = "com.apple.product-type.application";
		};
		94F5BB001BDD2E4200A3A86E /* gethairTests */ = {
			isa = PBXNativeTarget;
			buildConfigurationList = 94F5BB181BDD2E4200A3A86E /* Build configuration list for PBXNativeTarget "gethairTests" */;
			buildPhases = (
				94F5BAFD1BDD2E4200A3A86E /* Sources */,
				94F5BAFE1BDD2E4200A3A86E /* Frameworks */,
				94F5BAFF1BDD2E4200A3A86E /* Resources */,
			);
			buildRules = (
			);
			dependencies = (
				94F5BB031BDD2E4200A3A86E /* PBXTargetDependency */,
			);
			name = gethairTests;
			productName = gethairTests;
			productReference = 94F5BB011BDD2E4200A3A86E /* gethairTests.xctest */;
			productType = "com.apple.product-type.bundle.unit-test";
		};
		94F5BB0B1BDD2E4200A3A86E /* gethairUITests */ = {
			isa = PBXNativeTarget;
			buildConfigurationList = 94F5BB1B1BDD2E4200A3A86E /* Build configuration list for PBXNativeTarget "gethairUITests" */;
			buildPhases = (
				94F5BB081BDD2E4200A3A86E /* Sources */,
				94F5BB091BDD2E4200A3A86E /* Frameworks */,
				94F5BB0A1BDD2E4200A3A86E /* Resources */,
			);
			buildRules = (
			);
			dependencies = (
				94F5BB0E1BDD2E4200A3A86E /* PBXTargetDependency */,
			);
			name = gethairUITests;
			productName = gethairUITests;
			productReference = 94F5BB0C1BDD2E4200A3A86E /* gethairUITests.xctest */;
			productType = "com.apple.product-type.bundle.ui-testing";
		};
/* End PBXNativeTarget section */

/* Begin PBXProject section */
		94F5BAE51BDD2E4200A3A86E /* Project object */ = {
			isa = PBXProject;
			attributes = {
				LastSwiftUpdateCheck = 0710;
				LastUpgradeCheck = 0710;
				ORGANIZATIONNAME = "Muge Ersoy";
				TargetAttributes = {
					94F5BAEC1BDD2E4200A3A86E = {
						CreatedOnToolsVersion = 7.1;
						DevelopmentTeam = 4TS9Z33RXS;
					};
					94F5BB001BDD2E4200A3A86E = {
						CreatedOnToolsVersion = 7.1;
						TestTargetID = 94F5BAEC1BDD2E4200A3A86E;
					};
					94F5BB0B1BDD2E4200A3A86E = {
						CreatedOnToolsVersion = 7.1;
						TestTargetID = 94F5BAEC1BDD2E4200A3A86E;
					};
				};
			};
			buildConfigurationList = 94F5BAE81BDD2E4200A3A86E /* Build configuration list for PBXProject "gethair" */;
			compatibilityVersion = "Xcode 3.2";
			developmentRegion = English;
			hasScannedForEncodings = 0;
			knownRegions = (
				en,
				Base,
			);
			mainGroup = 94F5BAE41BDD2E4200A3A86E;
			productRefGroup = 94F5BAEE1BDD2E4200A3A86E /* Products */;
			projectDirPath = "";
			projectRoot = "";
			targets = (
				94F5BAEC1BDD2E4200A3A86E /* Get Hair */,
				94F5BB001BDD2E4200A3A86E /* gethairTests */,
				94F5BB0B1BDD2E4200A3A86E /* gethairUITests */,
			);
		};
/* End PBXProject section */

/* Begin PBXResourcesBuildPhase section */
		94F5BAEB1BDD2E4200A3A86E /* Resources */ = {
			isa = PBXResourcesBuildPhase;
			buildActionMask = 2147483647;
			files = (
				94A6AB491C35AD5200D4298D /* Images.xcassets in Resources */,
				94F5BAFB1BDD2E4200A3A86E /* LaunchScreen.storyboard in Resources */,
				94F5BAF61BDD2E4200A3A86E /* Main.storyboard in Resources */,
			);
			runOnlyForDeploymentPostprocessing = 0;
		};
		94F5BAFF1BDD2E4200A3A86E /* Resources */ = {
			isa = PBXResourcesBuildPhase;
			buildActionMask = 2147483647;
			files = (
			);
			runOnlyForDeploymentPostprocessing = 0;
		};
		94F5BB0A1BDD2E4200A3A86E /* Resources */ = {
			isa = PBXResourcesBuildPhase;
			buildActionMask = 2147483647;
			files = (
			);
			runOnlyForDeploymentPostprocessing = 0;
		};
/* End PBXResourcesBuildPhase section */

/* Begin PBXSourcesBuildPhase section */
		94F5BAE91BDD2E4200A3A86E /* Sources */ = {
			isa = PBXSourcesBuildPhase;
			buildActionMask = 2147483647;
			files = (
				94F5BAF31BDD2E4200A3A86E /* ViewController.swift in Sources */,
				94F5BAF11BDD2E4200A3A86E /* AppDelegate.swift in Sources */,
			);
			runOnlyForDeploymentPostprocessing = 0;
		};
		94F5BAFD1BDD2E4200A3A86E /* Sources */ = {
			isa = PBXSourcesBuildPhase;
			buildActionMask = 2147483647;
			files = (
				94F5BB061BDD2E4200A3A86E /* gethairTests.swift in Sources */,
			);
			runOnlyForDeploymentPostprocessing = 0;
		};
		94F5BB081BDD2E4200A3A86E /* Sources */ = {
			isa = PBXSourcesBuildPhase;
			buildActionMask = 2147483647;
			files = (
				94F5BB111BDD2E4200A3A86E /* gethairUITests.swift in Sources */,
			);
			runOnlyForDeploymentPostprocessing = 0;
		};
/* End PBXSourcesBuildPhase section */

/* Begin PBXTargetDependency section */
		94F5BB031BDD2E4200A3A86E /* PBXTargetDependency */ = {
			isa = PBXTargetDependency;
			target = 94F5BAEC1BDD2E4200A3A86E /* Get Hair */;
			targetProxy = 94F5BB021BDD2E4200A3A86E /* PBXContainerItemProxy */;
		};
		94F5BB0E1BDD2E4200A3A86E /* PBXTargetDependency */ = {
			isa = PBXTargetDependency;
			target = 94F5BAEC1BDD2E4200A3A86E /* Get Hair */;
			targetProxy = 94F5BB0D1BDD2E4200A3A86E /* PBXContainerItemProxy */;
		};
/* End PBXTargetDependency section */

/* Begin PBXVariantGroup section */
		94F5BAF41BDD2E4200A3A86E /* Main.storyboard */ = {
			isa = PBXVariantGroup;
			children = (
				94F5BAF51BDD2E4200A3A86E /* Base */,
			);
			name = Main.storyboard;
			sourceTree = "<group>";
		};
		94F5BAF91BDD2E4200A3A86E /* LaunchScreen.storyboard */ = {
			isa = PBXVariantGroup;
			children = (
				94F5BAFA1BDD2E4200A3A86E /* Base */,
			);
			name = LaunchScreen.storyboard;
			sourceTree = "<group>";
		};
/* End PBXVariantGroup section */

/* Begin XCBuildConfiguration section */
		94F5BB131BDD2E4200A3A86E /* Debug */ = {
			isa = XCBuildConfiguration;
			buildSettings = {
				ALWAYS_SEARCH_USER_PATHS = NO;
				CLANG_CXX_LANGUAGE_STANDARD = "gnu++0x";
				CLANG_CXX_LIBRARY = "libc++";
				CLANG_ENABLE_MODULES = YES;
				CLANG_ENABLE_OBJC_ARC = YES;
				CLANG_WARN_BOOL_CONVERSION = YES;
				CLANG_WARN_CONSTANT_CONVERSION = YES;
				CLANG_WARN_DIRECT_OBJC_ISA_USAGE = YES_ERROR;
				CLANG_WARN_EMPTY_BODY = YES;
				CLANG_WARN_ENUM_CONVERSION = YES;
				CLANG_WARN_INT_CONVERSION = YES;
				CLANG_WARN_OBJC_ROOT_CLASS = YES_ERROR;
				CLANG_WARN_UNREACHABLE_CODE = YES;
				CLANG_WARN__DUPLICATE_METHOD_MATCH = YES;
				"CODE_SIGN_IDENTITY[sdk=iphoneos*]" = "iPhone Developer";
				COPY_PHASE_STRIP = NO;
				DEBUG_INFORMATION_FORMAT = dwarf;
				ENABLE_STRICT_OBJC_MSGSEND = YES;
				ENABLE_TESTABILITY = YES;
				GCC_C_LANGUAGE_STANDARD = gnu99;
				GCC_DYNAMIC_NO_PIC = NO;
				GCC_NO_COMMON_BLOCKS = YES;
				GCC_OPTIMIZATION_LEVEL = 0;
				GCC_PREPROCESSOR_DEFINITIONS = (
					"DEBUG=1",
					"$(inherited)",
				);
				GCC_WARN_64_TO_32_BIT_CONVERSION = YES;
				GCC_WARN_ABOUT_RETURN_TYPE = YES_ERROR;
				GCC_WARN_UNDECLARED_SELECTOR = YES;
				GCC_WARN_UNINITIALIZED_AUTOS = YES_AGGRESSIVE;
				GCC_WARN_UNUSED_FUNCTION = YES;
				GCC_WARN_UNUSED_VARIABLE = YES;
				IPHONEOS_DEPLOYMENT_TARGET = 9.1;
				MTL_ENABLE_DEBUG_INFO = YES;
				ONLY_ACTIVE_ARCH = YES;
				SDKROOT = iphoneos;
				SWIFT_OPTIMIZATION_LEVEL = "-Onone";
				TARGETED_DEVICE_FAMILY = "1,2";
			};
			name = Debug;
		};
		94F5BB141BDD2E4200A3A86E /* Release */ = {
			isa = XCBuildConfiguration;
			buildSettings = {
				ALWAYS_SEARCH_USER_PATHS = NO;
				CLANG_CXX_LANGUAGE_STANDARD = "gnu++0x";
				CLANG_CXX_LIBRARY = "libc++";
				CLANG_ENABLE_MODULES = YES;
				CLANG_ENABLE_OBJC_ARC = YES;
				CLANG_WARN_BOOL_CONVERSION = YES;
				CLANG_WARN_CONSTANT_CONVERSION = YES;
				CLANG_WARN_DIRECT_OBJC_ISA_USAGE = YES_ERROR;
				CLANG_WARN_EMPTY_BODY = YES;
				CLANG_WARN_ENUM_CONVERSION = YES;
				CLANG_WARN_INT_CONVERSION = YES;
				CLANG_WARN_OBJC_ROOT_CLASS = YES_ERROR;
				CLANG_WARN_UNREACHABLE_CODE = YES;
				CLANG_WARN__DUPLICATE_METHOD_MATCH = YES;
				"CODE_SIGN_IDENTITY[sdk=iphoneos*]" = "iPhone Developer";
				COPY_PHASE_STRIP = NO;
				DEBUG_INFORMATION_FORMAT = "dwarf-with-dsym";
				ENABLE_NS_ASSERTIONS = NO;
				ENABLE_STRICT_OBJC_MSGSEND = YES;
				GCC_C_LANGUAGE_STANDARD = gnu99;
				GCC_NO_COMMON_BLOCKS = YES;
				GCC_WARN_64_TO_32_BIT_CONVERSION = YES;
				GCC_WARN_ABOUT_RETURN_TYPE = YES_ERROR;
				GCC_WARN_UNDECLARED_SELECTOR = YES;
				GCC_WARN_UNINITIALIZED_AUTOS = YES_AGGRESSIVE;
				GCC_WARN_UNUSED_FUNCTION = YES;
				GCC_WARN_UNUSED_VARIABLE = YES;
				IPHONEOS_DEPLOYMENT_TARGET = 9.1;
				MTL_ENABLE_DEBUG_INFO = NO;
				SDKROOT = iphoneos;
				TARGETED_DEVICE_FAMILY = "1,2";
				VALIDATE_PRODUCT = YES;
			};
			name = Release;
		};
		94F5BB161BDD2E4200A3A86E /* Debug */ = {
			isa = XCBuildConfiguration;
			buildSettings = {
				ASSETCATALOG_COMPILER_APPICON_NAME = AppIcon;
				CODE_SIGN_IDENTITY = "iPhone Developer";
				"CODE_SIGN_IDENTITY[sdk=iphoneos*]" = "iPhone Developer";
				INFOPLIST_FILE = gethair/Info.plist;
				LD_RUNPATH_SEARCH_PATHS = "$(inherited) @executable_path/Frameworks";
				PRODUCT_BUNDLE_IDENTIFIER = com.gethair;
				PRODUCT_NAME = "$(TARGET_NAME)";
				PROVISIONING_PROFILE = "";
			};
			name = Debug;
		};
		94F5BB171BDD2E4200A3A86E /* Release */ = {
			isa = XCBuildConfiguration;
			buildSettings = {
				ASSETCATALOG_COMPILER_APPICON_NAME = AppIcon;
				CODE_SIGN_IDENTITY = "iPhone Developer";
				"CODE_SIGN_IDENTITY[sdk=iphoneos*]" = "iPhone Developer";
				INFOPLIST_FILE = gethair/Info.plist;
				LD_RUNPATH_SEARCH_PATHS = "$(inherited) @executable_path/Frameworks";
				PRODUCT_BUNDLE_IDENTIFIER = com.gethair;
				PRODUCT_NAME = "$(TARGET_NAME)";
				PROVISIONING_PROFILE = "";
			};
			name = Release;
		};
		94F5BB191BDD2E4200A3A86E /* Debug */ = {
			isa = XCBuildConfiguration;
			buildSettings = {
				BUNDLE_LOADER = "$(TEST_HOST)";
				INFOPLIST_FILE = gethairTests/Info.plist;
				LD_RUNPATH_SEARCH_PATHS = "$(inherited) @executable_path/Frameworks @loader_path/Frameworks";
				PRODUCT_BUNDLE_IDENTIFIER = com.gethairTests;
				PRODUCT_NAME = "$(TARGET_NAME)";
				TEST_HOST = "$(BUILT_PRODUCTS_DIR)/gethair.app/gethair";
			};
			name = Debug;
		};
		94F5BB1A1BDD2E4200A3A86E /* Release */ = {
			isa = XCBuildConfiguration;
			buildSettings = {
				BUNDLE_LOADER = "$(TEST_HOST)";
				INFOPLIST_FILE = gethairTests/Info.plist;
				LD_RUNPATH_SEARCH_PATHS = "$(inherited) @executable_path/Frameworks @loader_path/Frameworks";
				PRODUCT_BUNDLE_IDENTIFIER = com.gethairTests;
				PRODUCT_NAME = "$(TARGET_NAME)";
				TEST_HOST = "$(BUILT_PRODUCTS_DIR)/gethair.app/gethair";
			};
			name = Release;
		};
		94F5BB1C1BDD2E4200A3A86E /* Debug */ = {
			isa = XCBuildConfiguration;
			buildSettings = {
				INFOPLIST_FILE = gethairUITests/Info.plist;
				LD_RUNPATH_SEARCH_PATHS = "$(inherited) @executable_path/Frameworks @loader_path/Frameworks";
				PRODUCT_BUNDLE_IDENTIFIER = com.gethairUITests;
				PRODUCT_NAME = "$(TARGET_NAME)";
				TEST_TARGET_NAME = gethair;
				USES_XCTRUNNER = YES;
			};
			name = Debug;
		};
		94F5BB1D1BDD2E4200A3A86E /* Release */ = {
			isa = XCBuildConfiguration;
			buildSettings = {
				INFOPLIST_FILE = gethairUITests/Info.plist;
				LD_RUNPATH_SEARCH_PATHS = "$(inherited) @executable_path/Frameworks @loader_path/Frameworks";
				PRODUCT_BUNDLE_IDENTIFIER = com.gethairUITests;
				PRODUCT_NAME = "$(TARGET_NAME)";
				TEST_TARGET_NAME = gethair;
				USES_XCTRUNNER = YES;
			};
			name = Release;
		};
/* End XCBuildConfiguration section */

/* Begin XCConfigurationList section */
		94F5BAE81BDD2E4200A3A86E /* Build configuration list for PBXProject "gethair" */ = {
			isa = XCConfigurationList;
			buildConfigurations = (
				94F5BB131BDD2E4200A3A86E /* Debug */,
				94F5BB141BDD2E4200A3A86E /* Release */,
			);
			defaultConfigurationIsVisible = 0;
			defaultConfigurationName = Release;
		};
		94F5BB151BDD2E4200A3A86E /* Build configuration list for PBXNativeTarget "Get Hair" */ = {
			isa = XCConfigurationList;
			buildConfigurations = (
				94F5BB161BDD2E4200A3A86E /* Debug */,
				94F5BB171BDD2E4200A3A86E /* Release */,
			);
			defaultConfigurationIsVisible = 0;
			defaultConfigurationName = Release;
		};
		94F5BB181BDD2E4200A3A86E /* Build configuration list for PBXNativeTarget "gethairTests" */ = {
			isa = XCConfigurationList;
			buildConfigurations = (
				94F5BB191BDD2E4200A3A86E /* Debug */,
				94F5BB1A1BDD2E4200A3A86E /* Release */,
			);
			defaultConfigurationIsVisible = 0;
			defaultConfigurationName = Release;
		};
		94F5BB1B1BDD2E4200A3A86E /* Build configuration list for PBXNativeTarget "gethairUITests" */ = {
			isa = XCConfigurationList;
			buildConfigurations = (
				94F5BB1C1BDD2E4200A3A86E /* Debug */,
				94F5BB1D1BDD2E4200A3A86E /* Release */,
			);
			defaultConfigurationIsVisible = 0;
			defaultConfigurationName = Release;
		};
/* End XCConfigurationList section */
	};
	rootObject = 94F5BAE51BDD2E4200A3A86E /* Project object */;
}
